Microsoft Visual Studio Solution File, Format Version 12.00
# Visual Studio Version 17
VisualStudioVersion = 17.13.35913.81
MinimumVisualStudioVersion = 10.0.40219.1
Project("{FAE04EC0-301F-11D3-BF4B-00C04F79EFBC}") = "Logic", "Logic\Logic.csproj", "{3C83D2F3-F11E-4DC0-BC75-9529C0D7053D}"
EndProject
Project("{FAE04EC0-301F-11D3-BF4B-00C04F79EFBC}") = "Data", "Data\Data.csproj", "{3691318E-4325-4C7D-8117-85130D11810F}"
EndProject
Project("{FAE04EC0-301F-11D3-BF4B-00C04F79EFBC}") = "PresentationViewModel", "Presentation\PresentationViewModel.csproj", "{0D099A4F-70EB-4842-84AD-22C141399364}"
EndProject
Project("{FAE04EC0-301F-11D3-BF4B-00C04F79EFBC}") = "PresentationModel", "PresentationModel\PresentationModel.csproj", "{D0E29AB9-75F5-4EBD-B7DC-9BF907F09F95}"
EndProject
Project("{FAE04EC0-301F-11D3-BF4B-00C04F79EFBC}") = "PresentationView", "PresentationView\PresentationView.csproj", "{E50A4201-5BCA-44E6-B125-D75EABABC132}"
EndProject
Project("{FAE04EC0-301F-11D3-BF4B-00C04F79EFBC}") = "DataTest", "DataTest\DataTest.csproj", "{271078A4-804D-4298-9D8D-F24E00A0DA24}"
EndProject
Project("{FAE04EC0-301F-11D3-BF4B-00C04F79EFBC}") = "LogicTest", "LogicTest\LogicTest.csproj", "{A27E6A70-AAF9-4452-B424-088288DCFD1A}"
EndProject
Project("{FAE04EC0-301F-11D3-BF4B-00C04F79EFBC}") = "PresentationModelTest", "PresentationModelTest\PresentationModelTest.csproj", "{53B5B33F-C0B6-49C2-91CC-94152F2619BA}"
EndProject
Project("{FAE04EC0-301F-11D3-BF4B-00C04F79EFBC}") = "PresentationViewModelTest", "PresentationViewModelTest\PresentationViewModelTest.csproj", "{2AC26EB4-F12F-49A8-B273-4130AD20F5E6}"
EndProject
Global
	GlobalSection(SolutionConfigurationPlatforms) = preSolution
		Debug|Any CPU = Debug|Any CPU
		Release|Any CPU = Release|Any CPU
	EndGlobalSection
	GlobalSection(ProjectConfigurationPlatforms) = postSolution
		{3C83D2F3-F11E-4DC0-BC75-9529C0D7053D}.Debug|Any CPU.ActiveCfg = Debug|Any CPU
		{3C83D2F3-F11E-4DC0-BC75-9529C0D7053D}.Debug|Any CPU.Build.0 = Debug|Any CPU
		{3C83D2F3-F11E-4DC0-BC75-9529C0D7053D}.Release|Any CPU.ActiveCfg = Release|Any CPU
		{3C83D2F3-F11E-4DC0-BC75-9529C0D7053D}.Release|Any CPU.Build.0 = Release|Any CPU
		{3691318E-4325-4C7D-8117-85130D11810F}.Debug|Any CPU.ActiveCfg = Debug|Any CPU
		{3691318E-4325-4C7D-8117-85130D11810F}.Debug|Any CPU.Build.0 = Debug|Any CPU
		{3691318E-4325-4C7D-8117-85130D11810F}.Release|Any CPU.ActiveCfg = Release|Any CPU
		{3691318E-4325-4C7D-8117-85130D11810F}.Release|Any CPU.Build.0 = Release|Any CPU
		{0D099A4F-70EB-4842-84AD-22C141399364}.Debug|Any CPU.ActiveCfg = Debug|Any CPU
		{0D099A4F-70EB-4842-84AD-22C141399364}.Debug|Any CPU.Build.0 = Debug|Any CPU
		{0D099A4F-70EB-4842-84AD-22C141399364}.Release|Any CPU.ActiveCfg = Release|Any CPU
		{0D099A4F-70EB-4842-84AD-22C141399364}.Release|Any CPU.Build.0 = Release|Any CPU
		{D0E29AB9-75F5-4EBD-B7DC-9BF907F09F95}.Debug|Any CPU.ActiveCfg = Debug|Any CPU
		{D0E29AB9-75F5-4EBD-B7DC-9BF907F09F95}.Debug|Any CPU.Build.0 = Debug|Any CPU
		{D0E29AB9-75F5-4EBD-B7DC-9BF907F09F95}.Release|Any CPU.ActiveCfg = Release|Any CPU
		{D0E29AB9-75F5-4EBD-B7DC-9BF907F09F95}.Release|Any CPU.Build.0 = Release|Any CPU
		{E50A4201-5BCA-44E6-B125-D75EABABC132}.Debug|Any CPU.ActiveCfg = Debug|Any CPU
		{E50A4201-5BCA-44E6-B125-D75EABABC132}.Debug|Any CPU.Build.0 = Debug|Any CPU
		{E50A4201-5BCA-44E6-B125-D75EABABC132}.Release|Any CPU.ActiveCfg = Release|Any CPU
		{E50A4201-5BCA-44E6-B125-D75EABABC132}.Release|Any CPU.Build.0 = Release|Any CPU
		{271078A4-804D-4298-9D8D-F24E00A0DA24}.Debug|Any CPU.ActiveCfg = Debug|Any CPU
		{271078A4-804D-4298-9D8D-F24E00A0DA24}.Debug|Any CPU.Build.0 = Debug|Any CPU
		{271078A4-804D-4298-9D8D-F24E00A0DA24}.Release|Any CPU.ActiveCfg = Release|Any CPU
		{271078A4-804D-4298-9D8D-F24E00A0DA24}.Release|Any CPU.Build.0 = Release|Any CPU
		{A27E6A70-AAF9-4452-B424-088288DCFD1A}.Debug|Any CPU.ActiveCfg = Debug|Any CPU
		{A27E6A70-AAF9-4452-B424-088288DCFD1A}.Debug|Any CPU.Build.0 = Debug|Any CPU
		{A27E6A70-AAF9-4452-B424-088288DCFD1A}.Release|Any CPU.ActiveCfg = Release|Any CPU
		{A27E6A70-AAF9-4452-B424-088288DCFD1A}.Release|Any CPU.Build.0 = Release|Any CPU
		{53B5B33F-C0B6-49C2-91CC-94152F2619BA}.Debug|Any CPU.ActiveCfg = Debug|Any CPU
		{53B5B33F-C0B6-49C2-91CC-94152F2619BA}.Debug|Any CPU.Build.0 = Debug|Any CPU
		{53B5B33F-C0B6-49C2-91CC-94152F2619BA}.Release|Any CPU.ActiveCfg = Release|Any CPU
		{53B5B33F-C0B6-49C2-91CC-94152F2619BA}.Release|Any CPU.Build.0 = Release|Any CPU
		{2AC26EB4-F12F-49A8-B273-4130AD20F5E6}.Debug|Any CPU.ActiveCfg = Debug|Any CPU
		{2AC26EB4-F12F-49A8-B273-4130AD20F5E6}.Debug|Any CPU.Build.0 = Debug|Any CPU
		{2AC26EB4-F12F-49A8-B273-4130AD20F5E6}.Release|Any CPU.ActiveCfg = Release|Any CPU
		{2AC26EB4-F12F-49A8-B273-4130AD20F5E6}.Release|Any CPU.Build.0 = Release|Any CPU
	EndGlobalSection
	GlobalSection(SolutionProperties) = preSolution
		HideSolutionNode = FALSE
	EndGlobalSection
	GlobalSection(ExtensibilityGlobals) = postSolution
		SolutionGuid = {BD9C6507-BD99-4A37-A14D-1AA85970DA9A}
	EndGlobalSection
EndGlobal
